{
  "version": 4,
  "terraform_version": "1.14.7",
  "serial": 3,
  "lineage": "19610ef2-3b62-ba10-753b-5c241f60958d",
  "outputs": {
    "s3_bucket_name": {
      "value": "seif-s3-bucket",
      "type": "string"
    }
  },
  "resources": [
    {
      "mode": "managed",
      "type": "aws_cloudfront_origin_access_control",
      "name": "oac",
      "provider": "provider[\"registry.terraform.io/hashicorp/aws\"]",
      "instances": [
        {
          "schema_version": 0,
          "attributes": {
            "arn": "arn:aws:cloudfront::226731664760:origin-access-control/E11LFP52J9F5XH",
            "description": "Managed by Terraform",
            "etag": "ETVPDKIKX0DER",
            "id": "E11LFP52J9F5XH",
            "name": "static-site-oac",
            "origin_access_control_origin_type": "s3",
            "signing_behavior": "always",
            "signing_protocol": "sigv4"
          },
          "sensitive_attributes": [],
          "identity_schema_version": 0,
          "private": "bnVsbA=="
        }
      ]
    }
  ],
  "check_results": null
}
